# @generated by Move, please check-in and do not edit manually.

[move]
version = 0
manifest_digest = "700E2AEB9DFBB609268203AD02235AF08F2814FD768AB8DAA1CABBBF18EB94BB"
deps_digest = "8B1E8E662E81AB200980CE643428AFA7EA5F9A87F7B36FA334F8BB7CCAD6EB2D"

dependencies = [
  { name = "Sui" },
]

[[move.package]]
name = "MoveStdlib"
source = { local = "..\\sui\\crates\\sui-framework\\packages\\move-stdlib" }

[[move.package]]
name = "Sui"
source = { local = "..\\sui\\crates\\sui-framework\\packages\\sui-framework" }

dependencies = [
  { name = "MoveStdlib" },
]
